// !$*UTF8*$!
{
	archiveVersion = 1;
	classes = {
	};
	objectVersion = 48;
	objects = {

/* Begin PBXBuildFile section */
		B4F7C516EB32AC7E01D992E1 /* Pods_StoreDapp.framework in Frameworks */ = {isa = PBXBuildFile; fileRef = 8635C4AF1EC7736CE0310487 /* Pods_StoreDapp.framework */; };
		DA9D904B1F83811D0028B3A1 /* web3.js in Resources */ = {isa = PBXBuildFile; fileRef = DA9D90491F83811D0028B3A1 /* web3.js */; };
		DA9D904C1F83811D0028B3A1 /* web3.swift in Sources */ = {isa = PBXBuildFile; fileRef = DA9D904A1F83811D0028B3A1 /* web3.swift */; };
		DA9D904E1F83D6CD0028B3A1 /* BoxView.swift in Sources */ = {isa = PBXBuildFile; fileRef = DA9D904D1F83D6CD0028B3A1 /* BoxView.swift */; };
		DA9D90561F83E2350028B3A1 /* Geth.framework in Frameworks */ = {isa = PBXBuildFile; fileRef = DA9D90551F83E2350028B3A1 /* Geth.framework */; };
		DA9FEFA71F837E240043B07A /* AppDelegate.swift in Sources */ = {isa = PBXBuildFile; fileRef = DA9FEFA61F837E240043B07A /* AppDelegate.swift */; };
		DA9FEFA91F837E240043B07A /* ViewController.swift in Sources */ = {isa = PBXBuildFile; fileRef = DA9FEFA81F837E240043B07A /* ViewController.swift */; };
		DA9FEFAE1F837E240043B07A /* Assets.xcassets in Resources */ = {isa = PBXBuildFile; fileRef = DA9FEFAD1F837E240043B07A /* Assets.xcassets */; };
		DA9FEFBC1F837E240043B07A /* StoreDappTests.swift in Sources */ = {isa = PBXBuildFile; fileRef = DA9FEFBB1F837E240043B07A /* StoreDappTests.swift */; };
		DA9FEFC71F837E240043B07A /* StoreDappUITests.swift in Sources */ = {isa = PBXBuildFile; fileRef = DA9FEFC61F837E240043B07A /* StoreDappUITests.swift */; };
/* End PBXBuildFile section */

/* Begin PBXContainerItemProxy section */
		DA9FEFB81F837E240043B07A /* PBXContainerItemProxy */ = {
			isa = PBXContainerItemProxy;
			containerPortal = DA9FEF9B1F837E240043B07A /* Project object */;
			proxyType = 1;
			remoteGlobalIDString = DA9FEFA21F837E240043B07A;
			remoteInfo = StoreDapp;
		};
		DA9FEFC31F837E240043B07A /* PBXContainerItemProxy */ = {
			isa = PBXContainerItemProxy;
			containerPortal = DA9FEF9B1F837E240043B07A /* Project object */;
			proxyType = 1;
			remoteGlobalIDString = DA9FEFA21F837E240043B07A;
			remoteInfo = StoreDapp;
		};
/* End PBXContainerItemProxy section */

/* Begin PBXFileReference section */
		0405C32DD4FDC655039FB904 /* Pods-StoreDapp.release.xcconfig */ = {isa = PBXFileReference; includeInIndex = 1; lastKnownFileType = text.xcconfig; name = "Pods-StoreDapp.release.xcconfig"; path = "Pods/Target Support Files/Pods-StoreDapp/Pods-StoreDapp.release.xcconfig"; sourceTree = "<group>"; };
		8635C4AF1EC7736CE0310487 /* Pods_StoreDapp.framework */ = {isa = PBXFileReference; explicitFileType = wrapper.framework; includeInIndex = 0; path = Pods_StoreDapp.framework; sourceTree = BUILT_PRODUCTS_DIR; };
		98A59E3EB6B81449276EECB6 /* Pods-StoreDapp.debug.xcconfig */ = {isa = PBXFileReference; includeInIndex = 1; lastKnownFileType = text.xcconfig; name = "Pods-StoreDapp.debug.xcconfig"; path = "Pods/Target Support Files/Pods-StoreDapp/Pods-StoreDapp.debug.xcconfig"; sourceTree = "<group>"; };
		DA9D90491F83811D0028B3A1 /* web3.js */ = {isa = PBXFileReference; lastKnownFileType = sourcecode.javascript; path = web3.js; sourceTree = "<group>"; };
		DA9D904A1F83811D0028B3A1 /* web3.swift */ = {isa = PBXFileReference; lastKnownFileType = sourcecode.swift; path = web3.swift; sourceTree = "<group>"; };
		DA9D904D1F83D6CD0028B3A1 /* BoxView.swift */ = {isa = PBXFileReference; lastKnownFileType = sourcecode.swift; path = BoxView.swift; sourceTree = "<group>"; };
		DA9D90511F83DE9D0028B3A1 /* Geth.framework */ = {isa = PBXFileReference; lastKnownFileType = wrapper.framework; name = Geth.framework; path = "../../../../../../Downloads/geth-ios-all-1.7.0-6c6c7b2a/Geth.framework"; sourceTree = "<group>"; };
		DA9D90531F83E2230028B3A1 /* bin */ = {isa = PBXFileReference; lastKnownFileType = folder; name = bin; path = "../../../../../../Downloads/go-ethereum-1.7.0/build/bin"; sourceTree = "<group>"; };
		DA9D90551F83E2350028B3A1 /* Geth.framework */ = {isa = PBXFileReference; lastKnownFileType = wrapper.framework; name = Geth.framework; path = "../../../../../../Downloads/go-ethereum-1.7.0/build/bin/Geth.framework"; sourceTree = "<group>"; };
		DA9FEFA31F837E240043B07A /* StoreDapp.app */ = {isa = PBXFileReference; explicitFileType = wrapper.application; includeInIndex = 0; path = StoreDapp.app; sourceTree = BUILT_PRODUCTS_DIR; };
		DA9FEFA61F837E240043B07A /* AppDelegate.swift */ = {isa = PBXFileReference; lastKnownFileType = sourcecode.swift; path = AppDelegate.swift; sourceTree = "<group>"; };
		DA9FEFA81F837E240043B07A /* ViewController.swift */ = {isa = PBXFileReference; lastKnownFileType = sourcecode.swift; path = ViewController.swift; sourceTree = "<group>"; };
		DA9FEFAD1F837E240043B07A /* Assets.xcassets */ = {isa = PBXFileReference; lastKnownFileType = folder.assetcatalog; path = Assets.xcassets; sourceTree = "<group>"; };
		DA9FEFB21F837E240043B07A /* Info.plist */ = {isa = PBXFileReference; lastKnownFileType = text.plist.xml; path = Info.plist; sourceTree = "<group>"; };
		DA9FEFB71F837E240043B07A /* StoreDappTests.xctest */ = {isa = PBXFileReference; explicitFileType = wrapper.cfbundle; includeInIndex = 0; path = StoreDappTests.xctest; sourceTree = BUILT_PRODUCTS_DIR; };
		DA9FEFBB1F837E240043B07A /* StoreDappTests.swift */ = {isa = PBXFileReference; lastKnownFileType = sourcecode.swift; path = StoreDappTests.swift; sourceTree = "<group>"; };
		DA9FEFBD1F837E240043B07A /* Info.plist */ = {isa = PBXFileReference; lastKnownFileType = text.plist.xml; path = Info.plist; sourceTree = "<group>"; };
		DA9FEFC21F837E240043B07A /* StoreDappUITests.xctest */ = {isa = PBXFileReference; explicitFileType = wrapper.cfbundle; includeInIndex = 0; path = StoreDappUITests.xctest; sourceTree = BUILT_PRODUCTS_DIR; };
		DA9FEFC61F837E240043B07A /* StoreDappUITests.swift */ = {isa = PBXFileReference; lastKnownFileType = sourcecode.swift; path = StoreDappUITests.swift; sourceTree = "<group>"; };
		DA9FEFC81F837E240043B07A /* Info.plist */ = {isa = PBXFileReference; lastKnownFileType = text.plist.xml; path = Info.plist; sourceTree = "<group>"; };
/* End PBXFileReference section */

/* Begin PBXFrameworksBuildPhase section */
		DA9FEFA01F837E240043B07A /* Frameworks */ = {
			isa = PBXFrameworksBuildPhase;
			buildActionMask = 2147483647;
			files = (
				DA9D90561F83E2350028B3A1 /* Geth.framework in Frameworks */,
				B4F7C516EB32AC7E01D992E1 /* Pods_StoreDapp.framework in Frameworks */,
			);
			runOnlyForDeploymentPostprocessing = 0;
		};
		DA9FEFB41F837E240043B07A /* Frameworks */ = {
			isa = PBXFrameworksBuildPhase;
			buildActionMask = 2147483647;
			files = (
			);
			runOnlyForDeploymentPostprocessing = 0;
		};
		DA9FEFBF1F837E240043B07A /* Frameworks */ = {
			isa = PBXFrameworksBuildPhase;
			buildActionMask = 2147483647;
			files = (
			);
			runOnlyForDeploymentPostprocessing = 0;
		};
/* End PBXFrameworksBuildPhase section */

/* Begin PBXGroup section */
		0E019EB5B2F44BF647EC6E68 /* Pods */ = {
			isa = PBXGroup;
			children = (
				98A59E3EB6B81449276EECB6 /* Pods-StoreDapp.debug.xcconfig */,
				0405C32DD4FDC655039FB904 /* Pods-StoreDapp.release.xcconfig */,
			);
			name = Pods;
			sourceTree = "<group>";
		};
		47C04A430E4263C282819825 /* Frameworks */ = {
			isa = PBXGroup;
			children = (
				DA9D90551F83E2350028B3A1 /* Geth.framework */,
				DA9D90531F83E2230028B3A1 /* bin */,
				DA9D90511F83DE9D0028B3A1 /* Geth.framework */,
				8635C4AF1EC7736CE0310487 /* Pods_StoreDapp.framework */,
			);
			name = Frameworks;
			sourceTree = "<group>";
		};
		DA9FEF9A1F837E240043B07A = {
			isa = PBXGroup;
			children = (
				DA9FEFA51F837E240043B07A /* StoreDapp */,
				DA9FEFBA1F837E240043B07A /* StoreDappTests */,
				DA9FEFC51F837E240043B07A /* StoreDappUITests */,
				DA9FEFA41F837E240043B07A /* Products */,
				0E019EB5B2F44BF647EC6E68 /* Pods */,
				47C04A430E4263C282819825 /* Frameworks */,
			);
			sourceTree = "<group>";
		};
		DA9FEFA41F837E240043B07A /* Products */ = {
			isa = PBXGroup;
			children = (
				DA9FEFA31F837E240043B07A /* StoreDapp.app */,
				DA9FEFB71F837E240043B07A /* StoreDappTests.xctest */,
				DA9FEFC21F837E240043B07A /* StoreDappUITests.xctest */,
			);
			name = Products;
			sourceTree = "<group>";
		};
		DA9FEFA51F837E240043B07A /* StoreDapp */ = {
			isa = PBXGroup;
			children = (
				DA9FEFA61F837E240043B07A /* AppDelegate.swift */,
				DA9FEFA81F837E240043B07A /* ViewController.swift */,
				DA9D904D1F83D6CD0028B3A1 /* BoxView.swift */,
				DA9FEFAD1F837E240043B07A /* Assets.xcassets */,
				DA9FEFB21F837E240043B07A /* Info.plist */,
				DA9D90491F83811D0028B3A1 /* web3.js */,
				DA9D904A1F83811D0028B3A1 /* web3.swift */,
			);
			path = StoreDapp;
			sourceTree = "<group>";
		};
		DA9FEFBA1F837E240043B07A /* StoreDappTests */ = {
			isa = PBXGroup;
			children = (
				DA9FEFBB1F837E240043B07A /* StoreDappTests.swift */,
				DA9FEFBD1F837E240043B07A /* Info.plist */,
			);
			path = StoreDappTests;
			sourceTree = "<group>";
		};
		DA9FEFC51F837E240043B07A /* StoreDappUITests */ = {
			isa = PBXGroup;
			children = (
				DA9FEFC61F837E240043B07A /* StoreDappUITests.swift */,
				DA9FEFC81F837E240043B07A /* Info.plist */,
			);
			path = StoreDappUITests;
			sourceTree = "<group>";
		};
/* End PBXGroup section */

/* Begin PBXNativeTarget section */
		DA9FEFA21F837E240043B07A /* StoreDapp */ = {
			isa = PBXNativeTarget;
			buildConfigurationList = DA9FEFCB1F837E240043B07A /* Build configuration list for PBXNativeTarget "StoreDapp" */;
			buildPhases = (
				9189719B29BE35AE87DFF360 /* [CP] Check Pods Manifest.lock */,
				DA9FEF9F1F837E240043B07A /* Sources */,
				DA9FEFA01F837E240043B07A /* Frameworks */,
				DA9FEFA11F837E240043B07A /* Resources */,
				6198A7D01ED38E0296A796F1 /* [CP] Embed Pods Frameworks */,
				D809F0A648BA7AA3642931FE /* [CP] Copy Pods Resources */,
			);
			buildRules = (
			);
			dependencies = (
			);
			name = StoreDapp;
			productName = StoreDapp;
			productReference = DA9FEFA31F837E240043B07A /* StoreDapp.app */;
			productType = "com.apple.product-type.application";
		};
		DA9FEFB61F837E240043B07A /* StoreDappTests */ = {
			isa = PBXNativeTarget;
			buildConfigurationList = DA9FEFCE1F837E240043B07A /* Build configuration list for PBXNativeTarget "StoreDappTests" */;
			buildPhases = (
				DA9FEFB31F837E240043B07A /* Sources */,
				DA9FEFB41F837E240043B07A /* Frameworks */,
				DA9FEFB51F837E240043B07A /* Resources */,
			);
			buildRules = (
			);
			dependencies = (
				DA9FEFB91F837E240043B07A /* PBXTargetDependency */,
			);
			name = StoreDappTests;
			productName = StoreDappTests;
			productReference = DA9FEFB71F837E240043B07A /* StoreDappTests.xctest */;
			productType = "com.apple.product-type.bundle.unit-test";
		};
		DA9FEFC11F837E240043B07A /* StoreDappUITests */ = {
			isa = PBXNativeTarget;
			buildConfigurationList = DA9FEFD11F837E240043B07A /* Build configuration list for PBXNativeTarget "StoreDappUITests" */;
			buildPhases = (
				DA9FEFBE1F837E240043B07A /* Sources */,
				DA9FEFBF1F837E240043B07A /* Frameworks */,
				DA9FEFC01F837E240043B07A /* Resources */,
			);
			buildRules = (
			);
			dependencies = (
				DA9FEFC41F837E240043B07A /* PBXTargetDependency */,
			);
			name = StoreDappUITests;
			productName = StoreDappUITests;
			productReference = DA9FEFC21F837E240043B07A /* StoreDappUITests.xctest */;
			productType = "com.apple.product-type.bundle.ui-testing";
		};
/* End PBXNativeTarget section */

/* Begin PBXProject section */
		DA9FEF9B1F837E240043B07A /* Project object */ = {
			isa = PBXProject;
			attributes = {
				LastSwiftUpdateCheck = 0900;
				LastUpgradeCheck = 0900;
				ORGANIZATIONNAME = AIEParis;
				TargetAttributes = {
					DA9FEFA21F837E240043B07A = {
						CreatedOnToolsVersion = 9.0;
						ProvisioningStyle = Automatic;
					};
					DA9FEFB61F837E240043B07A = {
						CreatedOnToolsVersion = 9.0;
						ProvisioningStyle = Automatic;
						TestTargetID = DA9FEFA21F837E240043B07A;
					};
					DA9FEFC11F837E240043B07A = {
						CreatedOnToolsVersion = 9.0;
						ProvisioningStyle = Automatic;
						TestTargetID = DA9FEFA21F837E240043B07A;
					};
				};
			};
			buildConfigurationList = DA9FEF9E1F837E240043B07A /* Build configuration list for PBXProject "StoreDapp" */;
			compatibilityVersion = "Xcode 8.0";
			developmentRegion = en;
			hasScannedForEncodings = 0;
			knownRegions = (
				en,
				Base,
			);
			mainGroup = DA9FEF9A1F837E240043B07A;
			productRefGroup = DA9FEFA41F837E240043B07A /* Products */;
			projectDirPath = "";
			projectRoot = "";
			targets = (
				DA9FEFA21F837E240043B07A /* StoreDapp */,
				DA9FEFB61F837E240043B07A /* StoreDappTests */,
				DA9FEFC11F837E240043B07A /* StoreDappUITests */,
			);
		};
/* End PBXProject section */

/* Begin PBXResourcesBuildPhase section */
		DA9FEFA11F837E240043B07A /* Resources */ = {
			isa = PBXResourcesBuildPhase;
			buildActionMask = 2147483647;
			files = (
				DA9FEFAE1F837E240043B07A /* Assets.xcassets in Resources */,
				DA9D904B1F83811D0028B3A1 /* web3.js in Resources */,
			);
			runOnlyForDeploymentPostprocessing = 0;
		};
		DA9FEFB51F837E240043B07A /* Resources */ = {
			isa = PBXResourcesBuildPhase;
			buildActionMask = 2147483647;
			files = (
			);
			runOnlyForDeploymentPostprocessing = 0;
		};
		DA9FEFC01F837E240043B07A /* Resources */ = {
			isa = PBXResourcesBuildPhase;
			buildActionMask = 2147483647;
			files = (
			);
			runOnlyForDeploymentPostprocessing = 0;
		};
/* End PBXResourcesBuildPhase section */

/* Begin PBXShellScriptBuildPhase section */
		6198A7D01ED38E0296A796F1 /* [CP] Embed Pods Frameworks */ = {
			isa = PBXShellScriptBuildPhase;
			buildActionMask = 2147483647;
			files = (
			);
			inputPaths = (
				"${SRCROOT}/Pods/Target Support Files/Pods-StoreDapp/Pods-StoreDapp-frameworks.sh",
				"${BUILT_PRODUCTS_DIR}/SnapKit/SnapKit.framework",
			);
			name = "[CP] Embed Pods Frameworks";
			outputPaths = (
				"${TARGET_BUILD_DIR}/${FRAMEWORKS_FOLDER_PATH}/SnapKit.framework",
			);
			runOnlyForDeploymentPostprocessing = 0;
			shellPath = /bin/sh;
			shellScript = "\"${SRCROOT}/Pods/Target Support Files/Pods-StoreDapp/Pods-StoreDapp-frameworks.sh\"\n";
			showEnvVarsInLog = 0;
		};
		9189719B29BE35AE87DFF360 /* [CP] Check Pods Manifest.lock */ = {
			isa = PBXShellScriptBuildPhase;
			buildActionMask = 2147483647;
			files = (
			);
			inputPaths = (
				"${PODS_PODFILE_DIR_PATH}/Podfile.lock",
				"${PODS_ROOT}/Manifest.lock",
			);
			name = "[CP] Check Pods Manifest.lock";
			outputPaths = (
				"$(DERIVED_FILE_DIR)/Pods-StoreDapp-checkManifestLockResult.txt",
			);
			runOnlyForDeploymentPostprocessing = 0;
			shellPath = /bin/sh;
			shellScript = "diff \"${PODS_PODFILE_DIR_PATH}/Podfile.lock\" \"${PODS_ROOT}/Manifest.lock\" > /dev/null\nif [ $? != 0 ] ; then\n    # print error to STDERR\n    echo \"error: The sandbox is not in sync with the Podfile.lock. Run 'pod install' or update your CocoaPods installation.\" >&2\n    exit 1\nfi\n# This output is used by Xcode 'outputs' to avoid re-running this script phase.\necho \"SUCCESS\" > \"${SCRIPT_OUTPUT_FILE_0}\"\n";
			showEnvVarsInLog = 0;
		};
		D809F0A648BA7AA3642931FE /* [CP] Copy Pods Resources */ = {
			isa = PBXShellScriptBuildPhase;
			buildActionMask = 2147483647;
			files = (
			);
			inputPaths = (
			);
			name = "[CP] Copy Pods Resources";
			outputPaths = (
			);
			runOnlyForDeploymentPostprocessing = 0;
			shellPath = /bin/sh;
			shellScript = "\"${SRCROOT}/Pods/Target Support Files/Pods-StoreDapp/Pods-StoreDapp-resources.sh\"\n";
			showEnvVarsInLog = 0;
		};
/* End PBXShellScriptBuildPhase section */

/* Begin PBXSourcesBuildPhase section */
		DA9FEF9F1F837E240043B07A /* Sources */ = {
			isa = PBXSourcesBuildPhase;
			buildActionMask = 2147483647;
			files = (
				DA9FEFA91F837E240043B07A /* ViewController.swift in Sources */,
				DA9D904C1F83811D0028B3A1 /* web3.swift in Sources */,
				DA9D904E1F83D6CD0028B3A1 /* BoxView.swift in Sources */,
				DA9FEFA71F837E240043B07A /* AppDelegate.swift in Sources */,
			);
			runOnlyForDeploymentPostprocessing = 0;
		};
		DA9FEFB31F837E240043B07A /* Sources */ = {
			isa = PBXSourcesBuildPhase;
			buildActionMask = 2147483647;
			files = (
				DA9FEFBC1F837E240043B07A /* StoreDappTests.swift in Sources */,
			);
			runOnlyForDeploymentPostprocessing = 0;
		};
		DA9FEFBE1F837E240043B07A /* Sources */ = {
			isa = PBXSourcesBuildPhase;
			buildActionMask = 2147483647;
			files = (
				DA9FEFC71F837E240043B07A /* StoreDappUITests.swift in Sources */,
			);
			runOnlyForDeploymentPostprocessing = 0;
		};
/* End PBXSourcesBuildPhase section */

/* Begin PBXTargetDependency section */
		DA9FEFB91F837E240043B07A /* PBXTargetDependency */ = {
			isa = PBXTargetDependency;
			target = DA9FEFA21F837E240043B07A /* StoreDapp */;
			targetProxy = DA9FEFB81F837E240043B07A /* PBXContainerItemProxy */;
		};
		DA9FEFC41F837E240043B07A /* PBXTargetDependency */ = {
			isa = PBXTargetDependency;
			target = DA9FEFA21F837E240043B07A /* StoreDapp */;
			targetProxy = DA9FEFC31F837E240043B07A /* PBXContainerItemProxy */;
		};
/* End PBXTargetDependency section */

/* Begin XCBuildConfiguration section */
		DA9FEFC91F837E240043B07A /* Debug */ = {
			isa = XCBuildConfiguration;
			buildSettings = {
				ALWAYS_SEARCH_USER_PATHS = NO;
				CLANG_ANALYZER_NONNULL = YES;
				CLANG_ANALYZER_NUMBER_OBJECT_CONVERSION = YES_AGGRESSIVE;
				CLANG_CXX_LANGUAGE_STANDARD = "gnu++14";
				CLANG_CXX_LIBRARY = "libc++";
				CLANG_ENABLE_MODULES = YES;
				CLANG_ENABLE_OBJC_ARC = YES;
				CLANG_WARN_BLOCK_CAPTURE_AUTORELEASING = YES;
				CLANG_WARN_BOOL_CONVERSION = YES;
				CLANG_WARN_COMMA = YES;
				CLANG_WARN_CONSTANT_CONVERSION = YES;
				CLANG_WARN_DIRECT_OBJC_ISA_USAGE = YES_ERROR;
				CLANG_WARN_DOCUMENTATION_COMMENTS = YES;
				CLANG_WARN_EMPTY_BODY = YES;
				CLANG_WARN_ENUM_CONVERSION = YES;
				CLANG_WARN_INFINITE_RECURSION = YES;
				CLANG_WARN_INT_CONVERSION = YES;
				CLANG_WARN_NON_LITERAL_NULL_CONVERSION = YES;
				CLANG_WARN_OBJC_LITERAL_CONVERSION = YES;
				CLANG_WARN_OBJC_ROOT_CLASS = YES_ERROR;
				CLANG_WARN_RANGE_LOOP_ANALYSIS = YES;
				CLANG_WARN_STRICT_PROTOTYPES = YES;
				CLANG_WARN_SUSPICIOUS_MOVE = YES;
				CLANG_WARN_UNGUARDED_AVAILABILITY = YES_AGGRESSIVE;
				CLANG_WARN_UNREACHABLE_CODE = YES;
				CLANG_WARN__DUPLICATE_METHOD_MATCH = YES;
				CODE_SIGN_IDENTITY = "iPhone Developer";
				COPY_PHASE_STRIP = NO;
				DEBUG_INFORMATION_FORMAT = dwarf;
				ENABLE_STRICT_OBJC_MSGSEND = YES;
				ENABLE_TESTABILITY = YES;
				GCC_C_LANGUAGE_STANDARD = gnu11;
				GCC_DYNAMIC_NO_PIC = NO;
				GCC_NO_COMMON_BLOCKS = YES;
				GCC_OPTIMIZATION_LEVEL = 0;
				GCC_PREPROCESSOR_DEFINITIONS = (
					"DEBUG=1",
					"$(inherited)",
				);
				GCC_WARN_64_TO_32_BIT_CONVERSION = YES;
				GCC_WARN_ABOUT_RETURN_TYPE = YES_ERROR;
				GCC_WARN_UNDECLARED_SELECTOR = YES;
				GCC_WARN_UNINITIALIZED_AUTOS = YES_AGGRESSIVE;
				GCC_WARN_UNUSED_FUNCTION = YES;
				GCC_WARN_UNUSED_VARIABLE = YES;
				IPHONEOS_DEPLOYMENT_TARGET = 11.0;
				MTL_ENABLE_DEBUG_INFO = YES;
				ONLY_ACTIVE_ARCH = YES;
				SDKROOT = iphoneos;
				SWIFT_ACTIVE_COMPILATION_CONDITIONS = DEBUG;
				SWIFT_OPTIMIZATION_LEVEL = "-Onone";
			};
			name = Debug;
		};
		DA9FEFCA1F837E240043B07A /* Release */ = {
			isa = XCBuildConfiguration;
			buildSettings = {
				ALWAYS_SEARCH_USER_PATHS = NO;
				CLANG_ANALYZER_NONNULL = YES;
				CLANG_ANALYZER_NUMBER_OBJECT_CONVERSION = YES_AGGRESSIVE;
				CLANG_CXX_LANGUAGE_STANDARD = "gnu++14";
				CLANG_CXX_LIBRARY = "libc++";
				CLANG_ENABLE_MODULES = YES;
				CLANG_ENABLE_OBJC_ARC = YES;
				CLANG_WARN_BLOCK_CAPTURE_AUTORELEASING = YES;
				CLANG_WARN_BOOL_CONVERSION = YES;
				CLANG_WARN_COMMA = YES;
				CLANG_WARN_CONSTANT_CONVERSION = YES;
				CLANG_WARN_DIRECT_OBJC_ISA_USAGE = YES_ERROR;
				CLANG_WARN_DOCUMENTATION_COMMENTS = YES;
				CLANG_WARN_EMPTY_BODY = YES;
				CLANG_WARN_ENUM_CONVERSION = YES;
				CLANG_WARN_INFINITE_RECURSION = YES;
				CLANG_WARN_INT_CONVERSION = YES;
				CLANG_WARN_NON_LITERAL_NULL_CONVERSION = YES;
				CLANG_WARN_OBJC_LITERAL_CONVERSION = YES;
				CLANG_WARN_OBJC_ROOT_CLASS = YES_ERROR;
				CLANG_WARN_RANGE_LOOP_ANALYSIS = YES;
				CLANG_WARN_STRICT_PROTOTYPES = YES;
				CLANG_WARN_SUSPICIOUS_MOVE = YES;
				CLANG_WARN_UNGUARDED_AVAILABILITY = YES_AGGRESSIVE;
				CLANG_WARN_UNREACHABLE_CODE = YES;
				CLANG_WARN__DUPLICATE_METHOD_MATCH = YES;
				CODE_SIGN_IDENTITY = "iPhone Developer";
				COPY_PHASE_STRIP = NO;
				DEBUG_INFORMATION_FORMAT = "dwarf-with-dsym";
				ENABLE_NS_ASSERTIONS = NO;
				ENABLE_STRICT_OBJC_MSGSEND = YES;
				GCC_C_LANGUAGE_STANDARD = gnu11;
				GCC_NO_COMMON_BLOCKS = YES;
				GCC_WARN_64_TO_32_BIT_CONVERSION = YES;
				GCC_WARN_ABOUT_RETURN_TYPE = YES_ERROR;
				GCC_WARN_UNDECLARED_SELECTOR = YES;
				GCC_WARN_UNINITIALIZED_AUTOS = YES_AGGRESSIVE;
				GCC_WARN_UNUSED_FUNCTION = YES;
				GCC_WARN_UNUSED_VARIABLE = YES;
				IPHONEOS_DEPLOYMENT_TARGET = 11.0;
				MTL_ENABLE_DEBUG_INFO = NO;
				SDKROOT = iphoneos;
				SWIFT_OPTIMIZATION_LEVEL = "-Owholemodule";
				VALIDATE_PRODUCT = YES;
			};
			name = Release;
		};
		DA9FEFCC1F837E240043B07A /* Debug */ = {
			isa = XCBuildConfiguration;
			baseConfigurationReference = 98A59E3EB6B81449276EECB6 /* Pods-StoreDapp.debug.xcconfig */;
			buildSettings = {
				ASSETCATALOG_COMPILER_APPICON_NAME = AppIcon;
				CODE_SIGN_STYLE = Automatic;
				DEVELOPMENT_TEAM = MSMM8W5D55;
				ENABLE_BITCODE = NO;
				INFOPLIST_FILE = StoreDapp/Info.plist;
				LD_RUNPATH_SEARCH_PATHS = "$(inherited) @executable_path/Frameworks";
				PRODUCT_BUNDLE_IDENTIFIER = AIEParis.StoreDapp;
				PRODUCT_NAME = "$(TARGET_NAME)";
				SWIFT_VERSION = 4.0;
				TARGETED_DEVICE_FAMILY = "1,2";
			};
			name = Debug;
		};
		DA9FEFCD1F837E240043B07A /* Release */ = {
			isa = XCBuildConfiguration;
			baseConfigurationReference = 0405C32DD4FDC655039FB904 /* Pods-StoreDapp.release.xcconfig */;
			buildSettings = {
				ASSETCATALOG_COMPILER_APPICON_NAME = AppIcon;
				CODE_SIGN_STYLE = Automatic;
				DEVELOPMENT_TEAM = MSMM8W5D55;
				ENABLE_BITCODE = NO;
				INFOPLIST_FILE = StoreDapp/Info.plist;
				LD_RUNPATH_SEARCH_PATHS = "$(inherited) @executable_path/Frameworks";
				PRODUCT_BUNDLE_IDENTIFIER = AIEParis.StoreDapp;
				PRODUCT_NAME = "$(TARGET_NAME)";
				SWIFT_VERSION = 4.0;
				TARGETED_DEVICE_FAMILY = "1,2";
			};
			name = Release;
		};
		DA9FEFCF1F837E240043B07A /* Debug */ = {
			isa = XCBuildConfiguration;
			buildSettings = {
				ALWAYS_EMBED_SWIFT_STANDARD_LIBRARIES = YES;
				BUNDLE_LOADER = "$(TEST_HOST)";
				CODE_SIGN_STYLE = Automatic;
				INFOPLIST_FILE = StoreDappTests/Info.plist;
				LD_RUNPATH_SEARCH_PATHS = "$(inherited) @executable_path/Frameworks @loader_path/Frameworks";
				PRODUCT_BUNDLE_IDENTIFIER = AIEParis.StoreDappTests;
				PRODUCT_NAME = "$(TARGET_NAME)";
				SWIFT_VERSION = 4.0;
				TARGETED_DEVICE_FAMILY = "1,2";
				TEST_HOST = "$(BUILT_PRODUCTS_DIR)/StoreDapp.app/StoreDapp";
			};
			name = Debug;
		};
		DA9FEFD01F837E240043B07A /* Release */ = {
			isa = XCBuildConfiguration;
			buildSettings = {
				ALWAYS_EMBED_SWIFT_STANDARD_LIBRARIES = YES;
				BUNDLE_LOADER = "$(TEST_HOST)";
				CODE_SIGN_STYLE = Automatic;
				INFOPLIST_FILE = StoreDappTests/Info.plist;
				LD_RUNPATH_SEARCH_PATHS = "$(inherited) @executable_path/Frameworks @loader_path/Frameworks";
				PRODUCT_BUNDLE_IDENTIFIER = AIEParis.StoreDappTests;
				PRODUCT_NAME = "$(TARGET_NAME)";
				SWIFT_VERSION = 4.0;
				TARGETED_DEVICE_FAMILY = "1,2";
				TEST_HOST = "$(BUILT_PRODUCTS_DIR)/StoreDapp.app/StoreDapp";
			};
			name = Release;
		};
		DA9FEFD21F837E240043B07A /* Debug */ = {
			isa = XCBuildConfiguration;
			buildSettings = {
				ALWAYS_EMBED_SWIFT_STANDARD_LIBRARIES = YES;
				CODE_SIGN_STYLE = Automatic;
				INFOPLIST_FILE = StoreDappUITests/Info.plist;
				LD_RUNPATH_SEARCH_PATHS = "$(inherited) @executable_path/Frameworks @loader_path/Frameworks";
				PRODUCT_BUNDLE_IDENTIFIER = AIEParis.StoreDappUITests;
				PRODUCT_NAME = "$(TARGET_NAME)";
				SWIFT_VERSION = 4.0;
				TARGETED_DEVICE_FAMILY = "1,2";
				TEST_TARGET_NAME = StoreDapp;
			};
			name = Debug;
		};
		DA9FEFD31F837E240043B07A /* Release */ = {
			isa = XCBuildConfiguration;
			buildSettings = {
				ALWAYS_EMBED_SWIFT_STANDARD_LIBRARIES = YES;
				CODE_SIGN_STYLE = Automatic;
				INFOPLIST_FILE = StoreDappUITests/Info.plist;
				LD_RUNPATH_SEARCH_PATHS = "$(inherited) @executable_path/Frameworks @loader_path/Frameworks";
				PRODUCT_BUNDLE_IDENTIFIER = AIEParis.StoreDappUITests;
				PRODUCT_NAME = "$(TARGET_NAME)";
				SWIFT_VERSION = 4.0;
				TARGETED_DEVICE_FAMILY = "1,2";
				TEST_TARGET_NAME = StoreDapp;
			};
			name = Release;
		};
/* End XCBuildConfiguration section */

/* Begin XCConfigurationList section */
		DA9FEF9E1F837E240043B07A /* Build configuration list for PBXProject "StoreDapp" */ = {
			isa = XCConfigurationList;
			buildConfigurations = (
				DA9FEFC91F837E240043B07A /* Debug */,
				DA9FEFCA1F837E240043B07A /* Release */,
			);
			defaultConfigurationIsVisible = 0;
			defaultConfigurationName = Release;
		};
		DA9FEFCB1F837E240043B07A /* Build configuration list for PBXNativeTarget "StoreDapp" */ = {
			isa = XCConfigurationList;
			buildConfigurations = (
				DA9FEFCC1F837E240043B07A /* Debug */,
				DA9FEFCD1F837E240043B07A /* Release */,
			);
			defaultConfigurationIsVisible = 0;
			defaultConfigurationName = Release;
		};
		DA9FEFCE1F837E240043B07A /* Build configuration list for PBXNativeTarget "StoreDappTests" */ = {
			isa = XCConfigurationList;
			buildConfigurations = (
				DA9FEFCF1F837E240043B07A /* Debug */,
				DA9FEFD01F837E240043B07A /* Release */,
			);
			defaultConfigurationIsVisible = 0;
			defaultConfigurationName = Release;
		};
		DA9FEFD11F837E240043B07A /* Build configuration list for PBXNativeTarget "StoreDappUITests" */ = {
			isa = XCConfigurationList;
			buildConfigurations = (
				DA9FEFD21F837E240043B07A /* Debug */,
				DA9FEFD31F837E240043B07A /* Release */,
			);
			defaultConfigurationIsVisible = 0;
			defaultConfigurationName = Release;
		};
/* End XCConfigurationList section */
	};
	rootObject = DA9FEF9B1F837E240043B07A /* Project object */;
}
